<Solution>
  <Project Path="src/AditiKraft.Aspire.Hosting.SecretSync.csproj" />
  <Project Path="tests/AditiKraft.Aspire.Hosting.SecretSync.Tests/AditiKraft.Aspire.Hosting.SecretSync.Tests.csproj" />
  <Project Path="AditiKraft.Aspire.Hosting.SecretSync.ApiService/AditiKraft.Aspire.Hosting.SecretSync.ApiService.csproj" />
  <Project Path="AditiKraft.Aspire.Hosting.SecretSync.AppHost/AditiKraft.Aspire.Hosting.SecretSync.AppHost.csproj" />
  <Project Path="AditiKraft.Aspire.Hosting.SecretSync.ServiceDefaults/AditiKraft.Aspire.Hosting.SecretSync.ServiceDefaults.csproj" />
  <Project Path="AditiKraft.Aspire.Hosting.SecretSync.Web/AditiKraft.Aspire.Hosting.SecretSync.Web.csproj" />
</Solution>
